
Microsoft Visual Studio Solution File, Format Version 12.00
# Visual Studio Version 17
VisualStudioVersion = 17.0.32126.317
MinimumVisualStudioVersion = 10.0.40219.1
Project("{9A19103F-16F7-4668-BE54-9A1E7A4F7556}") = "DXS_CSHARP_fundamentals", "DXS_CSHARP_fundamentals.csproj", "{0AC66D5E-199F-404F-9392-6BED114DB9C4}"
EndProject
Project("{FAE04EC0-301F-11D3-BF4B-00C04F79EFBC}") = "DXS_CSHARP_encapsulation", "..\DXS_CSHARP_encapsulation\DXS_CSHARP_encapsulation.csproj", "{79406BD5-C25A-4665-9FA4-A9DCDB67BC17}"
EndProject
Global
	GlobalSection(SolutionConfigurationPlatforms) = preSolution
		Debug|Any CPU = Debug|Any CPU
		Release|Any CPU = Release|Any CPU
	EndGlobalSection
	GlobalSection(ProjectConfigurationPlatforms) = postSolution
		{0AC66D5E-199F-404F-9392-6BED114DB9C4}.Debug|Any CPU.ActiveCfg = Debug|Any CPU
		{0AC66D5E-199F-404F-9392-6BED114DB9C4}.Debug|Any CPU.Build.0 = Debug|Any CPU
		{0AC66D5E-199F-404F-9392-6BED114DB9C4}.Release|Any CPU.ActiveCfg = Release|Any CPU
		{0AC66D5E-199F-404F-9392-6BED114DB9C4}.Release|Any CPU.Build.0 = Release|Any CPU
		{79406BD5-C25A-4665-9FA4-A9DCDB67BC17}.Debug|Any CPU.ActiveCfg = Debug|Any CPU
		{79406BD5-C25A-4665-9FA4-A9DCDB67BC17}.Debug|Any CPU.Build.0 = Debug|Any CPU
		{79406BD5-C25A-4665-9FA4-A9DCDB67BC17}.Release|Any CPU.ActiveCfg = Release|Any CPU
		{79406BD5-C25A-4665-9FA4-A9DCDB67BC17}.Release|Any CPU.Build.0 = Release|Any CPU
	EndGlobalSection
	GlobalSection(SolutionProperties) = preSolution
		HideSolutionNode = FALSE
	EndGlobalSection
	GlobalSection(ExtensibilityGlobals) = postSolution
		SolutionGuid = {7E042151-CE40-4789-992F-2741A2A8C727}
	EndGlobalSection
EndGlobal
